
Microsoft Visual Studio Solution File, Format Version 12.00
# Visual Studio Version 17
VisualStudioVersion = 17.4.33110.190
MinimumVisualStudioVersion = 10.0.40219.1
Project("{FAE04EC0-301F-11D3-BF4B-00C04F79EFBC}") = "ByteBank", "ByteBank\ByteBank.csproj", "{E453DDAB-3273-4E79-83C5-F1A14920588B}"
EndProject
Global
	GlobalSection(SolutionConfigurationPlatforms) = preSolution
		Debug|Any CPU = Debug|Any CPU
		Release|Any CPU = Release|Any CPU
	EndGlobalSection
	GlobalSection(ProjectConfigurationPlatforms) = postSolution
		{E453DDAB-3273-4E79-83C5-F1A14920588B}.Debug|Any CPU.ActiveCfg = Debug|Any CPU
		{E453DDAB-3273-4E79-83C5-F1A14920588B}.Debug|Any CPU.Build.0 = Debug|Any CPU
		{E453DDAB-3273-4E79-83C5-F1A14920588B}.Release|Any CPU.ActiveCfg = Release|Any CPU
		{E453DDAB-3273-4E79-83C5-F1A14920588B}.Release|Any CPU.Build.0 = Release|Any CPU
	EndGlobalSection
	GlobalSection(SolutionProperties) = preSolution
		HideSolutionNode = FALSE
	EndGlobalSection
	GlobalSection(ExtensibilityGlobals) = postSolution
		SolutionGuid = {7E4297E5-391F-4392-AAA3-CEE8CC9EF868}
	EndGlobalSection
EndGlobal
